{
  "name": "@monolith/paperclip-fleet-connector",
  "version": "0.1.0",
  "lockfileVersion": 3,
  "requires": true,
  "packages": {
    "": {
      "name": "@monolith/paperclip-fleet-connector",
      "version": "0.1.0",
      "license": "MIT",
      "engines": {
        "node": ">=20.0.0"
      },
      "peerDependencies": {
        "@paperclipai/plugin-sdk": ">=2026.512.0",
        "react": ">=18"
      }
    },
    "node_modules/@paperclipai/plugin-sdk": {
      "version": "2026.512.0",
      "resolved": "https://registry.npmjs.org/@paperclipai/plugin-sdk/-/plugin-sdk-2026.512.0.tgz",
      "integrity": "sha512-Rk0Ds7+ZuYekNYY+pd78TYOnm6yOuuPCUNI24QV3Re5zN/me/ECbAhp6mUTtfUhp97cvnCIHBpsEJ1tfVhA6QQ==",
      "license": "MIT",
      "peer": true,
      "dependencies": {
        "@paperclipai/shared": "2026.512.0",
        "zod": "^3.24.2"
      },
      "bin": {
        "paperclip-plugin-dev-server": "dist/dev-cli.js"
      },
      "peerDependencies": {
        "react": ">=18"
      },
      "peerDependenciesMeta": {
        "react": {
          "optional": true
        }
      }
    },
    "node_modules/@paperclipai/shared": {
      "version": "2026.512.0",
      "resolved": "https://registry.npmjs.org/@paperclipai/shared/-/shared-2026.512.0.tgz",
      "integrity": "sha512-OkSsGy2X+yrtZSzobA/GZSM2FxWAOGvhSTPeL+kPlTtKTe3p5IvZIINZr5Kxogq3ms2J8x05jGvGkjF+rIOAAw==",
      "license": "MIT",
      "peer": true,
      "dependencies": {
        "zod": "^3.24.2"
      }
    },
    "node_modules/react": {
      "version": "19.2.6",
      "resolved": "https://registry.npmjs.org/react/-/react-19.2.6.tgz",
      "integrity": "sha512-sfWGGfavi0xr8Pg0sVsyHMAOziVYKgPLNrS7ig+ivMNb3wbCBw3KxtflsGBAwD3gYQlE/AEZsTLgToRrSCjb0Q==",
      "license": "MIT",
      "peer": true,
      "engines": {
        "node": ">=0.10.0"
      }
    },
    "node_modules/zod": {
      "version": "3.25.76",
      "resolved": "https://registry.npmjs.org/zod/-/zod-3.25.76.tgz",
      "integrity": "sha512-gzUt/qt81nXsFGKIFcC3YnfEAx5NkunCfnDlvuBSSFS02bcXu4Lmea0AFIUwbLWxWPx3d9p8S5QoaujKcNQxcQ==",
      "license": "MIT",
      "peer": true,
      "funding": {
        "url": "https://github.com/sponsors/colinhacks"
      }
    }
  }
}
